
Microsoft Visual Studio Solution File, Format Version 12.00
# Visual Studio Version 16
VisualStudioVersion = 16.0.33328.57
MinimumVisualStudioVersion = 10.0.40219.1
Project("{FAE04EC0-301F-11D3-BF4B-00C04F79EFBC}") = "Mobilitec-Services", "Mobilitec-Services\Mobilitec-Services.csproj", "{EFDC7EAE-88F3-4CE1-9852-93762B8548B5}"
EndProject
Global
	GlobalSection(SolutionConfigurationPlatforms) = preSolution
		Debug|Any CPU = Debug|Any CPU
		Release|Any CPU = Release|Any CPU
	EndGlobalSection
	GlobalSection(ProjectConfigurationPlatforms) = postSolution
		{EFDC7EAE-88F3-4CE1-9852-93762B8548B5}.Debug|Any CPU.ActiveCfg = Debug|Any CPU
		{EFDC7EAE-88F3-4CE1-9852-93762B8548B5}.Debug|Any CPU.Build.0 = Debug|Any CPU
		{EFDC7EAE-88F3-4CE1-9852-93762B8548B5}.Release|Any CPU.ActiveCfg = Release|Any CPU
		{EFDC7EAE-88F3-4CE1-9852-93762B8548B5}.Release|Any CPU.Build.0 = Release|Any CPU
	EndGlobalSection
	GlobalSection(SolutionProperties) = preSolution
		HideSolutionNode = FALSE
	EndGlobalSection
	GlobalSection(ExtensibilityGlobals) = postSolution
		SolutionGuid = {0A828EDB-E3EE-499B-85F8-8D04BEA3ACFA}
	EndGlobalSection
EndGlobal
